// !$*UTF8*$!
{
	archiveVersion = 1;
	classes = {
	};
	objectVersion = 50;
	objects = {

/* Begin PBXBuildFile section */
		C2467097257714A100A5FDCC /* AppDelegate.swift in Sources */ = {isa = PBXBuildFile; fileRef = C2467096257714A100A5FDCC /* AppDelegate.swift */; };
		C2467099257714A100A5FDCC /* SceneDelegate.swift in Sources */ = {isa = PBXBuildFile; fileRef = C2467098257714A100A5FDCC /* SceneDelegate.swift */; };
		C246709B257714A100A5FDCC /* ViewController.swift in Sources */ = {isa = PBXBuildFile; fileRef = C246709A257714A100A5FDCC /* ViewController.swift */; };
		C246709E257714A100A5FDCC /* Main.storyboard in Resources */ = {isa = PBXBuildFile; fileRef = C246709C257714A100A5FDCC /* Main.storyboard */; };
		C24670A0257714A200A5FDCC /* Assets.xcassets in Resources */ = {isa = PBXBuildFile; fileRef = C246709F257714A200A5FDCC /* Assets.xcassets */; };
		C24670A3257714A200A5FDCC /* LaunchScreen.storyboard in Resources */ = {isa = PBXBuildFile; fileRef = C24670A1257714A200A5FDCC /* LaunchScreen.storyboard */; };
		C24670AE257714A200A5FDCC /* TestingTests.swift in Sources */ = {isa = PBXBuildFile; fileRef = C24670AD257714A200A5FDCC /* TestingTests.swift */; };
		C24670B9257714A200A5FDCC /* TestingUITests.swift in Sources */ = {isa = PBXBuildFile; fileRef = C24670B8257714A200A5FDCC /* TestingUITests.swift */; };
/* End PBXBuildFile section */

/* Begin PBXContainerItemProxy section */
		C24670AA257714A200A5FDCC /* PBXContainerItemProxy */ = {
			isa = PBXContainerItemProxy;
			containerPortal = C246708B257714A100A5FDCC /* Project object */;
			proxyType = 1;
			remoteGlobalIDString = C2467092257714A100A5FDCC;
			remoteInfo = Testing;
		};
		C24670B5257714A200A5FDCC /* PBXContainerItemProxy */ = {
			isa = PBXContainerItemProxy;
			containerPortal = C246708B257714A100A5FDCC /* Project object */;
			proxyType = 1;
			remoteGlobalIDString = C2467092257714A100A5FDCC;
			remoteInfo = Testing;
		};
/* End PBXContainerItemProxy section */

/* Begin PBXFileReference section */
		C2467093257714A100A5FDCC /* Testing.app */ = {isa = PBXFileReference; explicitFileType = wrapper.application; includeInIndex = 0; path = Testing.app; sourceTree = BUILT_PRODUCTS_DIR; };
		C2467096257714A100A5FDCC /* AppDelegate.swift */ = {isa = PBXFileReference; lastKnownFileType = sourcecode.swift; path = AppDelegate.swift; sourceTree = "<group>"; };
		C2467098257714A100A5FDCC /* SceneDelegate.swift */ = {isa = PBXFileReference; lastKnownFileType = sourcecode.swift; path = SceneDelegate.swift; sourceTree = "<group>"; };
		C246709A257714A100A5FDCC /* ViewController.swift */ = {isa = PBXFileReference; lastKnownFileType = sourcecode.swift; path = ViewController.swift; sourceTree = "<group>"; };
		C246709D257714A100A5FDCC /* Base */ = {isa = PBXFileReference; lastKnownFileType = file.storyboard; name = Base; path = Base.lproj/Main.storyboard; sourceTree = "<group>"; };
		C246709F257714A200A5FDCC /* Assets.xcassets */ = {isa = PBXFileReference; lastKnownFileType = folder.assetcatalog; path = Assets.xcassets; sourceTree = "<group>"; };
		C24670A2257714A200A5FDCC /* Base */ = {isa = PBXFileReference; lastKnownFileType = file.storyboard; name = Base; path = Base.lproj/LaunchScreen.storyboard; sourceTree = "<group>"; };
		C24670A4257714A200A5FDCC /* Info.plist */ = {isa = PBXFileReference; lastKnownFileType = text.plist.xml; path = Info.plist; sourceTree = "<group>"; };
		C24670A9257714A200A5FDCC /* TestingTests.xctest */ = {isa = PBXFileReference; explicitFileType = wrapper.cfbundle; includeInIndex = 0; path = TestingTests.xctest; sourceTree = BUILT_PRODUCTS_DIR; };
		C24670AD257714A200A5FDCC /* TestingTests.swift */ = {isa = PBXFileReference; lastKnownFileType = sourcecode.swift; path = TestingTests.swift; sourceTree = "<group>"; };
		C24670AF257714A200A5FDCC /* Info.plist */ = {isa = PBXFileReference; lastKnownFileType = text.plist.xml; path = Info.plist; sourceTree = "<group>"; };
		C24670B4257714A200A5FDCC /* TestingUITests.xctest */ = {isa = PBXFileReference; explicitFileType = wrapper.cfbundle; includeInIndex = 0; path = TestingUITests.xctest; sourceTree = BUILT_PRODUCTS_DIR; };
		C24670B8257714A200A5FDCC /* TestingUITests.swift */ = {isa = PBXFileReference; lastKnownFileType = sourcecode.swift; path = TestingUITests.swift; sourceTree = "<group>"; };
		C24670BA257714A200A5FDCC /* Info.plist */ = {isa = PBXFileReference; lastKnownFileType = text.plist.xml; path = Info.plist; sourceTree = "<group>"; };
/* End PBXFileReference section */

/* Begin PBXFrameworksBuildPhase section */
		C2467090257714A100A5FDCC /* Frameworks */ = {
			isa = PBXFrameworksBuildPhase;
			buildActionMask = 2147483647;
			files = (
			);
			runOnlyForDeploymentPostprocessing = 0;
		};
		C24670A6257714A200A5FDCC /* Frameworks */ = {
			isa = PBXFrameworksBuildPhase;
			buildActionMask = 2147483647;
			files = (
			);
			runOnlyForDeploymentPostprocessing = 0;
		};
		C24670B1257714A200A5FDCC /* Frameworks */ = {
			isa = PBXFrameworksBuildPhase;
			buildActionMask = 2147483647;
			files = (
			);
			runOnlyForDeploymentPostprocessing = 0;
		};
/* End PBXFrameworksBuildPhase section */

/* Begin PBXGroup section */
		C246708A257714A100A5FDCC = {
			isa = PBXGroup;
			children = (
				C2467095257714A100A5FDCC /* Testing */,
				C24670AC257714A200A5FDCC /* TestingTests */,
				C24670B7257714A200A5FDCC /* TestingUITests */,
				C2467094257714A100A5FDCC /* Products */,
			);
			sourceTree = "<group>";
		};
		C2467094257714A100A5FDCC /* Products */ = {
			isa = PBXGroup;
			children = (
				C2467093257714A100A5FDCC /* Testing.app */,
				C24670A9257714A200A5FDCC /* TestingTests.xctest */,
				C24670B4257714A200A5FDCC /* TestingUITests.xctest */,
			);
			name = Products;
			sourceTree = "<group>";
		};
		C2467095257714A100A5FDCC /* Testing */ = {
			isa = PBXGroup;
			children = (
				C2467096257714A100A5FDCC /* AppDelegate.swift */,
				C2467098257714A100A5FDCC /* SceneDelegate.swift */,
				C246709A257714A100A5FDCC /* ViewController.swift */,
				C246709C257714A100A5FDCC /* Main.storyboard */,
				C246709F257714A200A5FDCC /* Assets.xcassets */,
				C24670A1257714A200A5FDCC /* LaunchScreen.storyboard */,
				C24670A4257714A200A5FDCC /* Info.plist */,
			);
			path = Testing;
			sourceTree = "<group>";
		};
		C24670AC257714A200A5FDCC /* TestingTests */ = {
			isa = PBXGroup;
			children = (
				C24670AD257714A200A5FDCC /* TestingTests.swift */,
				C24670AF257714A200A5FDCC /* Info.plist */,
			);
			path = TestingTests;
			sourceTree = "<group>";
		};
		C24670B7257714A200A5FDCC /* TestingUITests */ = {
			isa = PBXGroup;
			children = (
				C24670B8257714A200A5FDCC /* TestingUITests.swift */,
				C24670BA257714A200A5FDCC /* Info.plist */,
			);
			path = TestingUITests;
			sourceTree = "<group>";
		};
/* End PBXGroup section */

/* Begin PBXNativeTarget section */
		C2467092257714A100A5FDCC /* Testing */ = {
			isa = PBXNativeTarget;
			buildConfigurationList = C24670BD257714A200A5FDCC /* Build configuration list for PBXNativeTarget "Testing" */;
			buildPhases = (
				C246708F257714A100A5FDCC /* Sources */,
				C2467090257714A100A5FDCC /* Frameworks */,
				C2467091257714A100A5FDCC /* Resources */,
			);
			buildRules = (
			);
			dependencies = (
			);
			name = Testing;
			productName = Testing;
			productReference = C2467093257714A100A5FDCC /* Testing.app */;
			productType = "com.apple.product-type.application";
		};
		C24670A8257714A200A5FDCC /* TestingTests */ = {
			isa = PBXNativeTarget;
			buildConfigurationList = C24670C0257714A200A5FDCC /* Build configuration list for PBXNativeTarget "TestingTests" */;
			buildPhases = (
				C24670A5257714A200A5FDCC /* Sources */,
				C24670A6257714A200A5FDCC /* Frameworks */,
				C24670A7257714A200A5FDCC /* Resources */,
			);
			buildRules = (
			);
			dependencies = (
				C24670AB257714A200A5FDCC /* PBXTargetDependency */,
			);
			name = TestingTests;
			productName = TestingTests;
			productReference = C24670A9257714A200A5FDCC /* TestingTests.xctest */;
			productType = "com.apple.product-type.bundle.unit-test";
		};
		C24670B3257714A200A5FDCC /* TestingUITests */ = {
			isa = PBXNativeTarget;
			buildConfigurationList = C24670C3257714A200A5FDCC /* Build configuration list for PBXNativeTarget "TestingUITests" */;
			buildPhases = (
				C24670B0257714A200A5FDCC /* Sources */,
				C24670B1257714A200A5FDCC /* Frameworks */,
				C24670B2257714A200A5FDCC /* Resources */,
			);
			buildRules = (
			);
			dependencies = (
				C24670B6257714A200A5FDCC /* PBXTargetDependency */,
			);
			name = TestingUITests;
			productName = TestingUITests;
			productReference = C24670B4257714A200A5FDCC /* TestingUITests.xctest */;
			productType = "com.apple.product-type.bundle.ui-testing";
		};
/* End PBXNativeTarget section */

/* Begin PBXProject section */
		C246708B257714A100A5FDCC /* Project object */ = {
			isa = PBXProject;
			attributes = {
				LastSwiftUpdateCheck = 1220;
				LastUpgradeCheck = 1220;
				TargetAttributes = {
					C2467092257714A100A5FDCC = {
						CreatedOnToolsVersion = 12.2;
					};
					C24670A8257714A200A5FDCC = {
						CreatedOnToolsVersion = 12.2;
						TestTargetID = C2467092257714A100A5FDCC;
					};
					C24670B3257714A200A5FDCC = {
						CreatedOnToolsVersion = 12.2;
						TestTargetID = C2467092257714A100A5FDCC;
					};
				};
			};
			buildConfigurationList = C246708E257714A100A5FDCC /* Build configuration list for PBXProject "Testing" */;
			compatibilityVersion = "Xcode 9.3";
			developmentRegion = en;
			hasScannedForEncodings = 0;
			knownRegions = (
				en,
				Base,
			);
			mainGroup = C246708A257714A100A5FDCC;
			productRefGroup = C2467094257714A100A5FDCC /* Products */;
			projectDirPath = "";
			projectRoot = "";
			targets = (
				C2467092257714A100A5FDCC /* Testing */,
				C24670A8257714A200A5FDCC /* TestingTests */,
				C24670B3257714A200A5FDCC /* TestingUITests */,
			);
		};
/* End PBXProject section */

/* Begin PBXResourcesBuildPhase section */
		C2467091257714A100A5FDCC /* Resources */ = {
			isa = PBXResourcesBuildPhase;
			buildActionMask = 2147483647;
			files = (
				C24670A3257714A200A5FDCC /* LaunchScreen.storyboard in Resources */,
				C24670A0257714A200A5FDCC /* Assets.xcassets in Resources */,
				C246709E257714A100A5FDCC /* Main.storyboard in Resources */,
			);
			runOnlyForDeploymentPostprocessing = 0;
		};
		C24670A7257714A200A5FDCC /* Resources */ = {
			isa = PBXResourcesBuildPhase;
			buildActionMask = 2147483647;
			files = (
			);
			runOnlyForDeploymentPostprocessing = 0;
		};
		C24670B2257714A200A5FDCC /* Resources */ = {
			isa = PBXResourcesBuildPhase;
			buildActionMask = 2147483647;
			files = (
			);
			runOnlyForDeploymentPostprocessing = 0;
		};
/* End PBXResourcesBuildPhase section */

/* Begin PBXSourcesBuildPhase section */
		C246708F257714A100A5FDCC /* Sources */ = {
			isa = PBXSourcesBuildPhase;
			buildActionMask = 2147483647;
			files = (
				C246709B257714A100A5FDCC /* ViewController.swift in Sources */,
				C2467097257714A100A5FDCC /* AppDelegate.swift in Sources */,
				C2467099257714A100A5FDCC /* SceneDelegate.swift in Sources */,
			);
			runOnlyForDeploymentPostprocessing = 0;
		};
		C24670A5257714A200A5FDCC /* Sources */ = {
			isa = PBXSourcesBuildPhase;
			buildActionMask = 2147483647;
			files = (
				C24670AE257714A200A5FDCC /* TestingTests.swift in Sources */,
			);
			runOnlyForDeploymentPostprocessing = 0;
		};
		C24670B0257714A200A5FDCC /* Sources */ = {
			isa = PBXSourcesBuildPhase;
			buildActionMask = 2147483647;
			files = (
				C24670B9257714A200A5FDCC /* TestingUITests.swift in Sources */,
			);
			runOnlyForDeploymentPostprocessing = 0;
		};
/* End PBXSourcesBuildPhase section */

/* Begin PBXTargetDependency section */
		C24670AB257714A200A5FDCC /* PBXTargetDependency */ = {
			isa = PBXTargetDependency;
			target = C2467092257714A100A5FDCC /* Testing */;
			targetProxy = C24670AA257714A200A5FDCC /* PBXContainerItemProxy */;
		};
		C24670B6257714A200A5FDCC /* PBXTargetDependency */ = {
			isa = PBXTargetDependency;
			target = C2467092257714A100A5FDCC /* Testing */;
			targetProxy = C24670B5257714A200A5FDCC /* PBXContainerItemProxy */;
		};
/* End PBXTargetDependency section */

/* Begin PBXVariantGroup section */
		C246709C257714A100A5FDCC /* Main.storyboard */ = {
			isa = PBXVariantGroup;
			children = (
				C246709D257714A100A5FDCC /* Base */,
			);
			name = Main.storyboard;
			sourceTree = "<group>";
		};
		C24670A1257714A200A5FDCC /* LaunchScreen.storyboard */ = {
			isa = PBXVariantGroup;
			children = (
				C24670A2257714A200A5FDCC /* Base */,
			);
			name = LaunchScreen.storyboard;
			sourceTree = "<group>";
		};
/* End PBXVariantGroup section */

/* Begin XCBuildConfiguration section */
		C24670BB257714A200A5FDCC /* Debug */ = {
			isa = XCBuildConfiguration;
			buildSettings = {
				ALWAYS_SEARCH_USER_PATHS = NO;
				CLANG_ANALYZER_NONNULL = YES;
				CLANG_ANALYZER_NUMBER_OBJECT_CONVERSION = YES_AGGRESSIVE;
				CLANG_CXX_LANGUAGE_STANDARD = "gnu++14";
				CLANG_CXX_LIBRARY = "libc++";
				CLANG_ENABLE_MODULES = YES;
				CLANG_ENABLE_OBJC_ARC = YES;
				CLANG_ENABLE_OBJC_WEAK = YES;
				CLANG_WARN_BLOCK_CAPTURE_AUTORELEASING = YES;
				CLANG_WARN_BOOL_CONVERSION = YES;
				CLANG_WARN_COMMA = YES;
				CLANG_WARN_CONSTANT_CONVERSION = YES;
				CLANG_WARN_DEPRECATED_OBJC_IMPLEMENTATIONS = YES;
				CLANG_WARN_DIRECT_OBJC_ISA_USAGE = YES_ERROR;
				CLANG_WARN_DOCUMENTATION_COMMENTS = YES;
				CLANG_WARN_EMPTY_BODY = YES;
				CLANG_WARN_ENUM_CONVERSION = YES;
				CLANG_WARN_INFINITE_RECURSION = YES;
				CLANG_WARN_INT_CONVERSION = YES;
				CLANG_WARN_NON_LITERAL_NULL_CONVERSION = YES;
				CLANG_WARN_OBJC_IMPLICIT_RETAIN_SELF = YES;
				CLANG_WARN_OBJC_LITERAL_CONVERSION = YES;
				CLANG_WARN_OBJC_ROOT_CLASS = YES_ERROR;
				CLANG_WARN_QUOTED_INCLUDE_IN_FRAMEWORK_HEADER = YES;
				CLANG_WARN_RANGE_LOOP_ANALYSIS = YES;
				CLANG_WARN_STRICT_PROTOTYPES = YES;
				CLANG_WARN_SUSPICIOUS_MOVE = YES;
				CLANG_WARN_UNGUARDED_AVAILABILITY = YES_AGGRESSIVE;
				CLANG_WARN_UNREACHABLE_CODE = YES;
				CLANG_WARN__DUPLICATE_METHOD_MATCH = YES;
				COPY_PHASE_STRIP = NO;
				DEBUG_INFORMATION_FORMAT = dwarf;
				ENABLE_STRICT_OBJC_MSGSEND = YES;
				ENABLE_TESTABILITY = YES;
				GCC_C_LANGUAGE_STANDARD = gnu11;
				GCC_DYNAMIC_NO_PIC = NO;
				GCC_NO_COMMON_BLOCKS = YES;
				GCC_OPTIMIZATION_LEVEL = 0;
				GCC_PREPROCESSOR_DEFINITIONS = (
					"DEBUG=1",
					"$(inherited)",
				);
				GCC_WARN_64_TO_32_BIT_CONVERSION = YES;
				GCC_WARN_ABOUT_RETURN_TYPE = YES_ERROR;
				GCC_WARN_UNDECLARED_SELECTOR = YES;
				GCC_WARN_UNINITIALIZED_AUTOS = YES_AGGRESSIVE;
				GCC_WARN_UNUSED_FUNCTION = YES;
				GCC_WARN_UNUSED_VARIABLE = YES;
				IPHONEOS_DEPLOYMENT_TARGET = 14.2;
				MTL_ENABLE_DEBUG_INFO = INCLUDE_SOURCE;
				MTL_FAST_MATH = YES;
				ONLY_ACTIVE_ARCH = YES;
				SDKROOT = iphoneos;
				SWIFT_ACTIVE_COMPILATION_CONDITIONS = DEBUG;
				SWIFT_OPTIMIZATION_LEVEL = "-Onone";
			};
			name = Debug;
		};
		C24670BC257714A200A5FDCC /* Release */ = {
			isa = XCBuildConfiguration;
			buildSettings = {
				ALWAYS_SEARCH_USER_PATHS = NO;
				CLANG_ANALYZER_NONNULL = YES;
				CLANG_ANALYZER_NUMBER_OBJECT_CONVERSION = YES_AGGRESSIVE;
				CLANG_CXX_LANGUAGE_STANDARD = "gnu++14";
				CLANG_CXX_LIBRARY = "libc++";
				CLANG_ENABLE_MODULES = YES;
				CLANG_ENABLE_OBJC_ARC = YES;
				CLANG_ENABLE_OBJC_WEAK = YES;
				CLANG_WARN_BLOCK_CAPTURE_AUTORELEASING = YES;
				CLANG_WARN_BOOL_CONVERSION = YES;
				CLANG_WARN_COMMA = YES;
				CLANG_WARN_CONSTANT_CONVERSION = YES;
				CLANG_WARN_DEPRECATED_OBJC_IMPLEMENTATIONS = YES;
				CLANG_WARN_DIRECT_OBJC_ISA_USAGE = YES_ERROR;
				CLANG_WARN_DOCUMENTATION_COMMENTS = YES;
				CLANG_WARN_EMPTY_BODY = YES;
				CLANG_WARN_ENUM_CONVERSION = YES;
				CLANG_WARN_INFINITE_RECURSION = YES;
				CLANG_WARN_INT_CONVERSION = YES;
				CLANG_WARN_NON_LITERAL_NULL_CONVERSION = YES;
				CLANG_WARN_OBJC_IMPLICIT_RETAIN_SELF = YES;
				CLANG_WARN_OBJC_LITERAL_CONVERSION = YES;
				CLANG_WARN_OBJC_ROOT_CLASS = YES_ERROR;
				CLANG_WARN_QUOTED_INCLUDE_IN_FRAMEWORK_HEADER = YES;
				CLANG_WARN_RANGE_LOOP_ANALYSIS = YES;
				CLANG_WARN_STRICT_PROTOTYPES = YES;
				CLANG_WARN_SUSPICIOUS_MOVE = YES;
				CLANG_WARN_UNGUARDED_AVAILABILITY = YES_AGGRESSIVE;
				CLANG_WARN_UNREACHABLE_CODE = YES;
				CLANG_WARN__DUPLICATE_METHOD_MATCH = YES;
				COPY_PHASE_STRIP = NO;
				DEBUG_INFORMATION_FORMAT = "dwarf-with-dsym";
				ENABLE_NS_ASSERTIONS = NO;
				ENABLE_STRICT_OBJC_MSGSEND = YES;
				GCC_C_LANGUAGE_STANDARD = gnu11;
				GCC_NO_COMMON_BLOCKS = YES;
				GCC_WARN_64_TO_32_BIT_CONVERSION = YES;
				GCC_WARN_ABOUT_RETURN_TYPE = YES_ERROR;
				GCC_WARN_UNDECLARED_SELECTOR = YES;
				GCC_WARN_UNINITIALIZED_AUTOS = YES_AGGRESSIVE;
				GCC_WARN_UNUSED_FUNCTION = YES;
				GCC_WARN_UNUSED_VARIABLE = YES;
				IPHONEOS_DEPLOYMENT_TARGET = 14.2;
				MTL_ENABLE_DEBUG_INFO = NO;
				MTL_FAST_MATH = YES;
				SDKROOT = iphoneos;
				SWIFT_COMPILATION_MODE = wholemodule;
				SWIFT_OPTIMIZATION_LEVEL = "-O";
				VALIDATE_PRODUCT = YES;
			};
			name = Release;
		};
		C24670BE257714A200A5FDCC /* Debug */ = {
			isa = XCBuildConfiguration;
			buildSettings = {
				ASSETCATALOG_COMPILER_APPICON_NAME = AppIcon;
				ASSETCATALOG_COMPILER_GLOBAL_ACCENT_COLOR_NAME = AccentColor;
				CODE_SIGN_STYLE = Automatic;
				INFOPLIST_FILE = Testing/Info.plist;
				LD_RUNPATH_SEARCH_PATHS = (
					"$(inherited)",
					"@executable_path/Frameworks",
				);
				PRODUCT_BUNDLE_IDENTIFIER = com.maximushirsch.sounder.Testing;
				PRODUCT_NAME = "$(TARGET_NAME)";
				SWIFT_VERSION = 5.0;
				TARGETED_DEVICE_FAMILY = "1,2";
			};
			name = Debug;
		};
		C24670BF257714A200A5FDCC /* Release */ = {
			isa = XCBuildConfiguration;
			buildSettings = {
				ASSETCATALOG_COMPILER_APPICON_NAME = AppIcon;
				ASSETCATALOG_COMPILER_GLOBAL_ACCENT_COLOR_NAME = AccentColor;
				CODE_SIGN_STYLE = Automatic;
				INFOPLIST_FILE = Testing/Info.plist;
				LD_RUNPATH_SEARCH_PATHS = (
					"$(inherited)",
					"@executable_path/Frameworks",
				);
				PRODUCT_BUNDLE_IDENTIFIER = com.maximushirsch.sounder.Testing;
				PRODUCT_NAME = "$(TARGET_NAME)";
				SWIFT_VERSION = 5.0;
				TARGETED_DEVICE_FAMILY = "1,2";
			};
			name = Release;
		};
		C24670C1257714A200A5FDCC /* Debug */ = {
			isa = XCBuildConfiguration;
			buildSettings = {
				ALWAYS_EMBED_SWIFT_STANDARD_LIBRARIES = YES;
				BUNDLE_LOADER = "$(TEST_HOST)";
				CODE_SIGN_STYLE = Automatic;
				INFOPLIST_FILE = TestingTests/Info.plist;
				IPHONEOS_DEPLOYMENT_TARGET = 14.2;
				LD_RUNPATH_SEARCH_PATHS = (
					"$(inherited)",
					"@executable_path/Frameworks",
					"@loader_path/Frameworks",
				);
				PRODUCT_BUNDLE_IDENTIFIER = com.maximushirsch.sounder.TestingTests;
				PRODUCT_NAME = "$(TARGET_NAME)";
				SWIFT_VERSION = 5.0;
				TARGETED_DEVICE_FAMILY = "1,2";
				TEST_HOST = "$(BUILT_PRODUCTS_DIR)/Testing.app/Testing";
			};
			name = Debug;
		};
		C24670C2257714A200A5FDCC /* Release */ = {
			isa = XCBuildConfiguration;
			buildSettings = {
				ALWAYS_EMBED_SWIFT_STANDARD_LIBRARIES = YES;
				BUNDLE_LOADER = "$(TEST_HOST)";
				CODE_SIGN_STYLE = Automatic;
				INFOPLIST_FILE = TestingTests/Info.plist;
				IPHONEOS_DEPLOYMENT_TARGET = 14.2;
				LD_RUNPATH_SEARCH_PATHS = (
					"$(inherited)",
					"@executable_path/Frameworks",
					"@loader_path/Frameworks",
				);
				PRODUCT_BUNDLE_IDENTIFIER = com.maximushirsch.sounder.TestingTests;
				PRODUCT_NAME = "$(TARGET_NAME)";
				SWIFT_VERSION = 5.0;
				TARGETED_DEVICE_FAMILY = "1,2";
				TEST_HOST = "$(BUILT_PRODUCTS_DIR)/Testing.app/Testing";
			};
			name = Release;
		};
		C24670C4257714A200A5FDCC /* Debug */ = {
			isa = XCBuildConfiguration;
			buildSettings = {
				ALWAYS_EMBED_SWIFT_STANDARD_LIBRARIES = YES;
				CODE_SIGN_STYLE = Automatic;
				INFOPLIST_FILE = TestingUITests/Info.plist;
				LD_RUNPATH_SEARCH_PATHS = (
					"$(inherited)",
					"@executable_path/Frameworks",
					"@loader_path/Frameworks",
				);
				PRODUCT_BUNDLE_IDENTIFIER = com.maximushirsch.sounder.TestingUITests;
				PRODUCT_NAME = "$(TARGET_NAME)";
				SWIFT_VERSION = 5.0;
				TARGETED_DEVICE_FAMILY = "1,2";
				TEST_TARGET_NAME = Testing;
			};
			name = Debug;
		};
		C24670C5257714A200A5FDCC /* Release */ = {
			isa = XCBuildConfiguration;
			buildSettings = {
				ALWAYS_EMBED_SWIFT_STANDARD_LIBRARIES = YES;
				CODE_SIGN_STYLE = Automatic;
				INFOPLIST_FILE = TestingUITests/Info.plist;
				LD_RUNPATH_SEARCH_PATHS = (
					"$(inherited)",
					"@executable_path/Frameworks",
					"@loader_path/Frameworks",
				);
				PRODUCT_BUNDLE_IDENTIFIER = com.maximushirsch.sounder.TestingUITests;
				PRODUCT_NAME = "$(TARGET_NAME)";
				SWIFT_VERSION = 5.0;
				TARGETED_DEVICE_FAMILY = "1,2";
				TEST_TARGET_NAME = Testing;
			};
			name = Release;
		};
/* End XCBuildConfiguration section */

/* Begin XCConfigurationList section */
		C246708E257714A100A5FDCC /* Build configuration list for PBXProject "Testing" */ = {
			isa = XCConfigurationList;
			buildConfigurations = (
				C24670BB257714A200A5FDCC /* Debug */,
				C24670BC257714A200A5FDCC /* Release */,
			);
			defaultConfigurationIsVisible = 0;
			defaultConfigurationName = Release;
		};
		C24670BD257714A200A5FDCC /* Build configuration list for PBXNativeTarget "Testing" */ = {
			isa = XCConfigurationList;
			buildConfigurations = (
				C24670BE257714A200A5FDCC /* Debug */,
				C24670BF257714A200A5FDCC /* Release */,
			);
			defaultConfigurationIsVisible = 0;
			defaultConfigurationName = Release;
		};
		C24670C0257714A200A5FDCC /* Build configuration list for PBXNativeTarget "TestingTests" */ = {
			isa = XCConfigurationList;
			buildConfigurations = (
				C24670C1257714A200A5FDCC /* Debug */,
				C24670C2257714A200A5FDCC /* Release */,
			);
			defaultConfigurationIsVisible = 0;
			defaultConfigurationName = Release;
		};
		C24670C3257714A200A5FDCC /* Build configuration list for PBXNativeTarget "TestingUITests" */ = {
			isa = XCConfigurationList;
			buildConfigurations = (
				C24670C4257714A200A5FDCC /* Debug */,
				C24670C5257714A200A5FDCC /* Release */,
			);
			defaultConfigurationIsVisible = 0;
			defaultConfigurationName = Release;
		};
/* End XCConfigurationList section */
	};
	rootObject = C246708B257714A100A5FDCC /* Project object */;
}
